
Microsoft Visual Studio Solution File, Format Version 12.00
# Visual Studio 15
Project("{FAE04EC0-301F-11D3-BF4B-00C04F79EFBC}") = "Assembly-CSharp", "Assembly-CSharp.csproj", "{4C5FF685-846F-FF57-2AB0-9CFE93E5E89C}"
EndProject
Project("{FAE04EC0-301F-11D3-BF4B-00C04F79EFBC}") = "Pico.Platform", "Pico.Platform.csproj", "{8FF7FC2D-1527-DA2B-3526-208200A6C954}"
EndProject
Project("{FAE04EC0-301F-11D3-BF4B-00C04F79EFBC}") = "Pico.Spatializer", "Pico.Spatializer.csproj", "{F05C3439-7C60-1D03-D15B-AF6D0DDB916A}"
EndProject
Project("{FAE04EC0-301F-11D3-BF4B-00C04F79EFBC}") = "Unity.XR.PicoXR", "Unity.XR.PicoXR.csproj", "{F2399C5F-EA9C-CB8C-9872-5575473E604E}"
EndProject
Project("{FAE04EC0-301F-11D3-BF4B-00C04F79EFBC}") = "Pico.Spatializer.Example", "Pico.Spatializer.Example.csproj", "{7971AACB-F3E2-BB54-A037-838B7A6F71C2}"
EndProject
Project("{FAE04EC0-301F-11D3-BF4B-00C04F79EFBC}") = "Unity.XR.PicoXR.Editor", "Unity.XR.PicoXR.Editor.csproj", "{D8F07662-101B-CD52-E24E-AA6D8B0C79E2}"
EndProject
Global
	GlobalSection(SolutionConfigurationPlatforms) = preSolution
		Debug|Any CPU = Debug|Any CPU
		Release|Any CPU = Release|Any CPU
	EndGlobalSection
	GlobalSection(ProjectConfigurationPlatforms) = postSolution
		{4C5FF685-846F-FF57-2AB0-9CFE93E5E89C}.Debug|Any CPU.ActiveCfg = Debug|Any CPU
		{4C5FF685-846F-FF57-2AB0-9CFE93E5E89C}.Debug|Any CPU.Build.0 = Debug|Any CPU
		{4C5FF685-846F-FF57-2AB0-9CFE93E5E89C}.Release|Any CPU.ActiveCfg = Release|Any CPU
		{4C5FF685-846F-FF57-2AB0-9CFE93E5E89C}.Release|Any CPU.Build.0 = Release|Any CPU
		{8FF7FC2D-1527-DA2B-3526-208200A6C954}.Debug|Any CPU.ActiveCfg = Debug|Any CPU
		{8FF7FC2D-1527-DA2B-3526-208200A6C954}.Debug|Any CPU.Build.0 = Debug|Any CPU
		{8FF7FC2D-1527-DA2B-3526-208200A6C954}.Release|Any CPU.ActiveCfg = Release|Any CPU
		{8FF7FC2D-1527-DA2B-3526-208200A6C954}.Release|Any CPU.Build.0 = Release|Any CPU
		{F05C3439-7C60-1D03-D15B-AF6D0DDB916A}.Debug|Any CPU.ActiveCfg = Debug|Any CPU
		{F05C3439-7C60-1D03-D15B-AF6D0DDB916A}.Debug|Any CPU.Build.0 = Debug|Any CPU
		{F05C3439-7C60-1D03-D15B-AF6D0DDB916A}.Release|Any CPU.ActiveCfg = Release|Any CPU
		{F05C3439-7C60-1D03-D15B-AF6D0DDB916A}.Release|Any CPU.Build.0 = Release|Any CPU
		{F2399C5F-EA9C-CB8C-9872-5575473E604E}.Debug|Any CPU.ActiveCfg = Debug|Any CPU
		{F2399C5F-EA9C-CB8C-9872-5575473E604E}.Debug|Any CPU.Build.0 = Debug|Any CPU
		{F2399C5F-EA9C-CB8C-9872-5575473E604E}.Release|Any CPU.ActiveCfg = Release|Any CPU
		{F2399C5F-EA9C-CB8C-9872-5575473E604E}.Release|Any CPU.Build.0 = Release|Any CPU
		{7971AACB-F3E2-BB54-A037-838B7A6F71C2}.Debug|Any CPU.ActiveCfg = Debug|Any CPU
		{7971AACB-F3E2-BB54-A037-838B7A6F71C2}.Debug|Any CPU.Build.0 = Debug|Any CPU
		{7971AACB-F3E2-BB54-A037-838B7A6F71C2}.Release|Any CPU.ActiveCfg = Release|Any CPU
		{7971AACB-F3E2-BB54-A037-838B7A6F71C2}.Release|Any CPU.Build.0 = Release|Any CPU
		{D8F07662-101B-CD52-E24E-AA6D8B0C79E2}.Debug|Any CPU.ActiveCfg = Debug|Any CPU
		{D8F07662-101B-CD52-E24E-AA6D8B0C79E2}.Debug|Any CPU.Build.0 = Debug|Any CPU
		{D8F07662-101B-CD52-E24E-AA6D8B0C79E2}.Release|Any CPU.ActiveCfg = Release|Any CPU
		{D8F07662-101B-CD52-E24E-AA6D8B0C79E2}.Release|Any CPU.Build.0 = Release|Any CPU
	EndGlobalSection
	GlobalSection(SolutionProperties) = preSolution
		HideSolutionNode = FALSE
	EndGlobalSection
EndGlobal
